
Microsoft Visual Studio Solution File, Format Version 12.00
# Visual Studio Version 17
VisualStudioVersion = 17.2.32616.157
MinimumVisualStudioVersion = 10.0.40219.1
Project("{FAE04EC0-301F-11D3-BF4B-00C04F79EFBC}") = "Generic Koleksiyonlar ve List", "Generic Koleksiyonlar ve List.csproj", "{174ED510-E1E0-4454-9B49-4D69A4F806AB}"
EndProject
Global
	GlobalSection(SolutionConfigurationPlatforms) = preSolution
		Debug|Any CPU = Debug|Any CPU
		Release|Any CPU = Release|Any CPU
	EndGlobalSection
	GlobalSection(ProjectConfigurationPlatforms) = postSolution
		{174ED510-E1E0-4454-9B49-4D69A4F806AB}.Debug|Any CPU.ActiveCfg = Debug|Any CPU
		{174ED510-E1E0-4454-9B49-4D69A4F806AB}.Debug|Any CPU.Build.0 = Debug|Any CPU
		{174ED510-E1E0-4454-9B49-4D69A4F806AB}.Release|Any CPU.ActiveCfg = Release|Any CPU
		{174ED510-E1E0-4454-9B49-4D69A4F806AB}.Release|Any CPU.Build.0 = Release|Any CPU
	EndGlobalSection
	GlobalSection(SolutionProperties) = preSolution
		HideSolutionNode = FALSE
	EndGlobalSection
	GlobalSection(ExtensibilityGlobals) = postSolution
		SolutionGuid = {BE662800-A855-48F4-9ADF-61737A95138B}
	EndGlobalSection
EndGlobal
